
Microsoft Visual Studio Solution File, Format Version 12.00
# Visual Studio Version 17
VisualStudioVersion = 17.4.33205.214
MinimumVisualStudioVersion = 10.0.40219.1
Project("{FAE04EC0-301F-11D3-BF4B-00C04F79EFBC}") = "Api-intro", "Api-intro\Api-intro.csproj", "{A97AC1D5-5E56-47FF-804E-D959C3484DBD}"
EndProject
Project("{FAE04EC0-301F-11D3-BF4B-00C04F79EFBC}") = "Domain", "Domain\Domain.csproj", "{BF161843-833E-4F0A-BD29-17D46FA88E1D}"
EndProject
Project("{FAE04EC0-301F-11D3-BF4B-00C04F79EFBC}") = "Repository", "Repository\Repository.csproj", "{7F557CC0-7D8F-4594-B3C4-C798A050837E}"
EndProject
Global
	GlobalSection(SolutionConfigurationPlatforms) = preSolution
		Debug|Any CPU = Debug|Any CPU
		Release|Any CPU = Release|Any CPU
	EndGlobalSection
	GlobalSection(ProjectConfigurationPlatforms) = postSolution
		{A97AC1D5-5E56-47FF-804E-D959C3484DBD}.Debug|Any CPU.ActiveCfg = Debug|Any CPU
		{A97AC1D5-5E56-47FF-804E-D959C3484DBD}.Debug|Any CPU.Build.0 = Debug|Any CPU
		{A97AC1D5-5E56-47FF-804E-D959C3484DBD}.Release|Any CPU.ActiveCfg = Release|Any CPU
		{A97AC1D5-5E56-47FF-804E-D959C3484DBD}.Release|Any CPU.Build.0 = Release|Any CPU
		{BF161843-833E-4F0A-BD29-17D46FA88E1D}.Debug|Any CPU.ActiveCfg = Debug|Any CPU
		{BF161843-833E-4F0A-BD29-17D46FA88E1D}.Debug|Any CPU.Build.0 = Debug|Any CPU
		{BF161843-833E-4F0A-BD29-17D46FA88E1D}.Release|Any CPU.ActiveCfg = Release|Any CPU
		{BF161843-833E-4F0A-BD29-17D46FA88E1D}.Release|Any CPU.Build.0 = Release|Any CPU
		{7F557CC0-7D8F-4594-B3C4-C798A050837E}.Debug|Any CPU.ActiveCfg = Debug|Any CPU
		{7F557CC0-7D8F-4594-B3C4-C798A050837E}.Debug|Any CPU.Build.0 = Debug|Any CPU
		{7F557CC0-7D8F-4594-B3C4-C798A050837E}.Release|Any CPU.ActiveCfg = Release|Any CPU
		{7F557CC0-7D8F-4594-B3C4-C798A050837E}.Release|Any CPU.Build.0 = Release|Any CPU
	EndGlobalSection
	GlobalSection(SolutionProperties) = preSolution
		HideSolutionNode = FALSE
	EndGlobalSection
	GlobalSection(ExtensibilityGlobals) = postSolution
		SolutionGuid = {6A239A1C-98FB-4D9D-A899-D6739AD1B4DC}
	EndGlobalSection
EndGlobal
